
Microsoft Visual Studio Solution File, Format Version 12.00
# Visual Studio Version 17
VisualStudioVersion = 17.3.32819.101
MinimumVisualStudioVersion = 10.0.40219.1
Project("{FAE04EC0-301F-11D3-BF4B-00C04F79EFBC}") = "MGK.Cryptography", "MGK.Cryptography\MGK.Cryptography.csproj", "{228D6A91-AC5E-4F16-9ADF-09C965176BD5}"
EndProject
Project("{FAE04EC0-301F-11D3-BF4B-00C04F79EFBC}") = "MGK.Cryptography.Test", "..\test\MGK.Cryptography.Test\MGK.Cryptography.Test.csproj", "{F9431996-A621-4C97-A458-5A546A770751}"
EndProject
Global
	GlobalSection(SolutionConfigurationPlatforms) = preSolution
		Debug|Any CPU = Debug|Any CPU
		Release|Any CPU = Release|Any CPU
	EndGlobalSection
	GlobalSection(ProjectConfigurationPlatforms) = postSolution
		{228D6A91-AC5E-4F16-9ADF-09C965176BD5}.Debug|Any CPU.ActiveCfg = Debug|Any CPU
		{228D6A91-AC5E-4F16-9ADF-09C965176BD5}.Debug|Any CPU.Build.0 = Debug|Any CPU
		{228D6A91-AC5E-4F16-9ADF-09C965176BD5}.Release|Any CPU.ActiveCfg = Release|Any CPU
		{228D6A91-AC5E-4F16-9ADF-09C965176BD5}.Release|Any CPU.Build.0 = Release|Any CPU
		{F9431996-A621-4C97-A458-5A546A770751}.Debug|Any CPU.ActiveCfg = Debug|Any CPU
		{F9431996-A621-4C97-A458-5A546A770751}.Debug|Any CPU.Build.0 = Debug|Any CPU
		{F9431996-A621-4C97-A458-5A546A770751}.Release|Any CPU.ActiveCfg = Release|Any CPU
		{F9431996-A621-4C97-A458-5A546A770751}.Release|Any CPU.Build.0 = Release|Any CPU
	EndGlobalSection
	GlobalSection(SolutionProperties) = preSolution
		HideSolutionNode = FALSE
	EndGlobalSection
	GlobalSection(ExtensibilityGlobals) = postSolution
		SolutionGuid = {B32F4978-E7FF-4569-AF91-4A174565A06B}
	EndGlobalSection
EndGlobal
