
Microsoft Visual Studio Solution File, Format Version 12.00
# Visual Studio Version 16
VisualStudioVersion = 16.0.29609.76
MinimumVisualStudioVersion = 10.0.40219.1
Project("{9A19103F-16F7-4668-BE54-9A1E7A4F7556}") = "MGK.Cryptography", "MGK.Cryptography\MGK.Cryptography.csproj", "{B2608278-48ED-43F2-980E-2719139D8847}"
EndProject
Project("{9A19103F-16F7-4668-BE54-9A1E7A4F7556}") = "MGK.Cryptography.Test", "..\test\MGK.Cryptography.Test\MGK.Cryptography.Test.csproj", "{09083556-30B0-4B33-8396-6D04F01054C3}"
EndProject
Global
	GlobalSection(SolutionConfigurationPlatforms) = preSolution
		Debug|Any CPU = Debug|Any CPU
		Release|Any CPU = Release|Any CPU
	EndGlobalSection
	GlobalSection(ProjectConfigurationPlatforms) = postSolution
		{B2608278-48ED-43F2-980E-2719139D8847}.Debug|Any CPU.ActiveCfg = Debug|Any CPU
		{B2608278-48ED-43F2-980E-2719139D8847}.Debug|Any CPU.Build.0 = Debug|Any CPU
		{B2608278-48ED-43F2-980E-2719139D8847}.Release|Any CPU.ActiveCfg = Release|Any CPU
		{B2608278-48ED-43F2-980E-2719139D8847}.Release|Any CPU.Build.0 = Release|Any CPU
		{09083556-30B0-4B33-8396-6D04F01054C3}.Debug|Any CPU.ActiveCfg = Debug|Any CPU
		{09083556-30B0-4B33-8396-6D04F01054C3}.Debug|Any CPU.Build.0 = Debug|Any CPU
		{09083556-30B0-4B33-8396-6D04F01054C3}.Release|Any CPU.ActiveCfg = Release|Any CPU
		{09083556-30B0-4B33-8396-6D04F01054C3}.Release|Any CPU.Build.0 = Release|Any CPU
	EndGlobalSection
	GlobalSection(SolutionProperties) = preSolution
		HideSolutionNode = FALSE
	EndGlobalSection
	GlobalSection(ExtensibilityGlobals) = postSolution
		SolutionGuid = {84E1DDA6-314E-401E-B522-1BD13C67479F}
	EndGlobalSection
EndGlobal
